
Microsoft Visual Studio Solution File, Format Version 12.00
# Visual Studio Version 17
VisualStudioVersion = 17.11.35327.3
MinimumVisualStudioVersion = 10.0.40219.1
Project("{FAE04EC0-301F-11D3-BF4B-00C04F79EFBC}") = "PushAndPull(CCC181)", "PushAndPull(CCC181).csproj", "{8590D6A7-D7DA-4BD3-8866-DA8F048CC8B4}"
EndProject
Global
	GlobalSection(SolutionConfigurationPlatforms) = preSolution
		Debug|Any CPU = Debug|Any CPU
		Release|Any CPU = Release|Any CPU
	EndGlobalSection
	GlobalSection(ProjectConfigurationPlatforms) = postSolution
		{8590D6A7-D7DA-4BD3-8866-DA8F048CC8B4}.Debug|Any CPU.ActiveCfg = Debug|Any CPU
		{8590D6A7-D7DA-4BD3-8866-DA8F048CC8B4}.Debug|Any CPU.Build.0 = Debug|Any CPU
		{8590D6A7-D7DA-4BD3-8866-DA8F048CC8B4}.Release|Any CPU.ActiveCfg = Release|Any CPU
		{8590D6A7-D7DA-4BD3-8866-DA8F048CC8B4}.Release|Any CPU.Build.0 = Release|Any CPU
	EndGlobalSection
	GlobalSection(SolutionProperties) = preSolution
		HideSolutionNode = FALSE
	EndGlobalSection
	GlobalSection(ExtensibilityGlobals) = postSolution
		SolutionGuid = {4D32138D-4A57-4469-826C-C5097B998AB2}
	EndGlobalSection
EndGlobal
